
Microsoft Visual Studio Solution File, Format Version 12.00
# Visual Studio 15
VisualStudioVersion = 15.0.28010.2046
MinimumVisualStudioVersion = 10.0.40219.1
Project("{FAE04EC0-301F-11D3-BF4B-00C04F79EFBC}") = "Switch Statements Practice", "Switch Statements Practice\Switch Statements Practice.csproj", "{D60A6FC7-96FC-4864-BF3E-EB7C1B0CED2B}"
EndProject
Global
	GlobalSection(SolutionConfigurationPlatforms) = preSolution
		Debug|Any CPU = Debug|Any CPU
		Release|Any CPU = Release|Any CPU
	EndGlobalSection
	GlobalSection(ProjectConfigurationPlatforms) = postSolution
		{D60A6FC7-96FC-4864-BF3E-EB7C1B0CED2B}.Debug|Any CPU.ActiveCfg = Debug|Any CPU
		{D60A6FC7-96FC-4864-BF3E-EB7C1B0CED2B}.Debug|Any CPU.Build.0 = Debug|Any CPU
		{D60A6FC7-96FC-4864-BF3E-EB7C1B0CED2B}.Release|Any CPU.ActiveCfg = Release|Any CPU
		{D60A6FC7-96FC-4864-BF3E-EB7C1B0CED2B}.Release|Any CPU.Build.0 = Release|Any CPU
	EndGlobalSection
	GlobalSection(SolutionProperties) = preSolution
		HideSolutionNode = FALSE
	EndGlobalSection
	GlobalSection(ExtensibilityGlobals) = postSolution
		SolutionGuid = {509C44EA-A5C0-49BB-B66E-793BD0314756}
	EndGlobalSection
EndGlobal
